
Microsoft Visual Studio Solution File, Format Version 12.00
# Visual Studio Version 17
VisualStudioVersion = 17.3.32922.545
MinimumVisualStudioVersion = 10.0.40219.1
Project("{8BC9CEB8-8B4A-11D0-8D11-00A0C91BC942}") = "ADService", "ADService\ADService.vcxproj", "{7DE046E6-7BC3-492E-B6B2-278F25D45EC5}"
EndProject
Global
	GlobalSection(SolutionConfigurationPlatforms) = preSolution
		Debug|x64 = Debug|x64
		Release|x64 = Release|x64
	EndGlobalSection
	GlobalSection(ProjectConfigurationPlatforms) = postSolution
		{7DE046E6-7BC3-492E-B6B2-278F25D45EC5}.Debug|x64.ActiveCfg = Debug|x64
		{7DE046E6-7BC3-492E-B6B2-278F25D45EC5}.Debug|x64.Build.0 = Debug|x64
		{7DE046E6-7BC3-492E-B6B2-278F25D45EC5}.Release|x64.ActiveCfg = Release|x64
		{7DE046E6-7BC3-492E-B6B2-278F25D45EC5}.Release|x64.Build.0 = Release|x64
	EndGlobalSection
	GlobalSection(SolutionProperties) = preSolution
		HideSolutionNode = FALSE
	EndGlobalSection
	GlobalSection(ExtensibilityGlobals) = postSolution
		SolutionGuid = {8694CFE6-F7B5-4D9B-B335-86B8A438C317}
	EndGlobalSection
EndGlobal
